
Microsoft Visual Studio Solution File, Format Version 12.00
# Visual Studio Version 17
VisualStudioVersion = 17.12.35728.132 d17.12
MinimumVisualStudioVersion = 10.0.40219.1
Project("{FAE04EC0-301F-11D3-BF4B-00C04F79EFBC}") = "LearningPlatform.Server", "LearningPlatform\LearningPlatform.Server.csproj", "{D3F7E6B8-AA00-4D83-9A02-DC46FDF42D3B}"
EndProject
Project("{FAE04EC0-301F-11D3-BF4B-00C04F79EFBC}") = "LearningPlatform.Dal", "LearningPlatform.Dal\LearningPlatform.Dal.csproj", "{28A86F87-7014-4570-ABEE-5928F1242BD5}"
EndProject
Project("{FAE04EC0-301F-11D3-BF4B-00C04F79EFBC}") = "LearningPlatform.Dll", "LearningPlatform.Dll\LearningPlatform.Dll.csproj", "{E09D1E7D-15F5-43C3-8427-6C19360A4FFC}"
EndProject
Project("{FAE04EC0-301F-11D3-BF4B-00C04F79EFBC}") = "LearningPlatform.Repository", "LearningPlatform.Repository\LearningPlatform.Repository.csproj", "{3FC7D65A-D365-4D2C-B40A-8043BB4DE2AF}"
EndProject
Global
	GlobalSection(SolutionConfigurationPlatforms) = preSolution
		Debug|Any CPU = Debug|Any CPU
		Release|Any CPU = Release|Any CPU
	EndGlobalSection
	GlobalSection(ProjectConfigurationPlatforms) = postSolution
		{D3F7E6B8-AA00-4D83-9A02-DC46FDF42D3B}.Debug|Any CPU.ActiveCfg = Debug|Any CPU
		{D3F7E6B8-AA00-4D83-9A02-DC46FDF42D3B}.Debug|Any CPU.Build.0 = Debug|Any CPU
		{D3F7E6B8-AA00-4D83-9A02-DC46FDF42D3B}.Release|Any CPU.ActiveCfg = Release|Any CPU
		{D3F7E6B8-AA00-4D83-9A02-DC46FDF42D3B}.Release|Any CPU.Build.0 = Release|Any CPU
		{28A86F87-7014-4570-ABEE-5928F1242BD5}.Debug|Any CPU.ActiveCfg = Debug|Any CPU
		{28A86F87-7014-4570-ABEE-5928F1242BD5}.Debug|Any CPU.Build.0 = Debug|Any CPU
		{28A86F87-7014-4570-ABEE-5928F1242BD5}.Release|Any CPU.ActiveCfg = Release|Any CPU
		{28A86F87-7014-4570-ABEE-5928F1242BD5}.Release|Any CPU.Build.0 = Release|Any CPU
		{E09D1E7D-15F5-43C3-8427-6C19360A4FFC}.Debug|Any CPU.ActiveCfg = Debug|Any CPU
		{E09D1E7D-15F5-43C3-8427-6C19360A4FFC}.Debug|Any CPU.Build.0 = Debug|Any CPU
		{E09D1E7D-15F5-43C3-8427-6C19360A4FFC}.Release|Any CPU.ActiveCfg = Release|Any CPU
		{E09D1E7D-15F5-43C3-8427-6C19360A4FFC}.Release|Any CPU.Build.0 = Release|Any CPU
		{3FC7D65A-D365-4D2C-B40A-8043BB4DE2AF}.Debug|Any CPU.ActiveCfg = Debug|Any CPU
		{3FC7D65A-D365-4D2C-B40A-8043BB4DE2AF}.Debug|Any CPU.Build.0 = Debug|Any CPU
		{3FC7D65A-D365-4D2C-B40A-8043BB4DE2AF}.Release|Any CPU.ActiveCfg = Release|Any CPU
		{3FC7D65A-D365-4D2C-B40A-8043BB4DE2AF}.Release|Any CPU.Build.0 = Release|Any CPU
	EndGlobalSection
	GlobalSection(SolutionProperties) = preSolution
		HideSolutionNode = FALSE
	EndGlobalSection
EndGlobal
